version = 1
revision = 3
requires-python = ">=3.11, <3.13"

[[package]]
name = "bigquery-duckdb-dbt-experiments"
version = "0.0.1"
source = { virtual = "." }
dependencies = [
    { name = "dbt-oss" },
]

[package.metadata]
requires-dist = [{ name = "dbt-oss", specifier = "==2.0.5" }]

[[package]]
name = "dbt-oss"
version = "2.0.5"
source = { registry = "https://pypi.org/simple" }
dependencies = [
    { name = "mashumaro", extra = ["msgpack"] },
]
sdist = { url = "https://files.pythonhosted.org/packages/fe/19/e444023562e5ee81bddd2620e8d1d4ae6d8c599c64310d93a47e5e4dc230/dbt_oss-2.0.5.tar.gz", hash = "sha256:1000d1813e6888590351bc8ff5091e9a8167493377646902323c39905d554a41", size = 5062, upload-time = "2026-09-18T15:49:33.921Z" }

[[package]]
name = "mashumaro"
version = "3.22"
source = { registry = "https://pypi.org/simple" }
dependencies = [
    { name = "typing-extensions" },
]
sdist = { url = "https://files.pythonhosted.org/packages/d1/e3/a06dcd2e6df094c5e294721926f1f76da30f50823e2ac233a9198e804891/mashumaro-3.22.tar.gz", hash = "sha256:64538cc365204402a060ebde683a86505b5a4344acf6870d79021e9fbfe57360", size = 197845, upload-time = "2026-05-26T14:39:21.859Z" }
wheels = [
    { url = "https://files.pythonhosted.org/packages/9b/1c/92fd926c2e7763535454683250dbdd8d10aa2f2c62f58d6abbcce4d8b3fc/mashumaro-3.22-py3-none-any.whl", hash = "sha256:17dc4d7294c33ef380a8b929dda0608577aa2141988c00a0c4932310108fe71d", size = 95916, upload-time = "2026-05-26T14:39:20.233Z" },
]

[package.optional-dependencies]
msgpack = [
    { name = "msgpack" },
]

[[package]]
name = "msgpack"
version = "1.2.2"
source = { registry = "https://pypi.org/simple" }
sdist = { url = "https://files.pythonhosted.org/packages/6d/44/ea2100ec54d30c46ee9dba10a3bfb79b655e96c6df237238a3234c75869b/msgpack-1.2.2.tar.gz", hash = "sha256:9eb0b0e602064527a045ea28c4f174ed69383587e29cebe28947e3b84106eb2a", size = 187025, upload-time = "2026-08-27T10:03:47.793Z" }
wheels = [
    { url = "https://files.pythonhosted.org/packages/53/fd/a05ba8f84c5951c9aec2a19c1c81f6c4a67b8bec80af604ac5b23ccfa019/msgpack-1.2.2-cp311-cp311-macosx_10_9_x86_64.whl", hash = "sha256:9d7fb25b4442fae0cb2590272d06ab4f6caa526ee36a994edb81e946b874813e", size = 83498, upload-time = "2026-08-27T10:01:50.62Z" },
    { url = "https://files.pythonhosted.org/packages/0f/df/e20bcf5c149890545334743b212eb4b82e1a25fe0a34f99753a1755bfab5/msgpack-1.2.2-cp311-cp311-macosx_11_0_arm64.whl", hash = "sha256:7fe374ba76eb0ecca13a1703daa8fa85825a6ddddbb52d4c1a732fa524194683", size = 83896, upload-time = "2026-08-27T10:01:51.898Z" },
    { url = "https://files.pythonhosted.org/packages/ac/c3/00dcd902d66a641b9ba350783feb482ea5c1ca4a7ff6629db0c10c0ea982/msgpack-1.2.2-cp311-cp311-manylinux2014_aarch64.manylinux_2_17_aarch64.manylinux_2_28_aarch64.whl", hash = "sha256:b9b0c1f2aa7b0026b4bd50718100e8b04175e4f36e160aa852502377b5e572e7", size = 413259, upload-time = "2026-08-27T10:01:53.296Z" },
    { url = "https://files.pythonhosted.org/packages/93/15/17374efe9793f5332c7d4727ab40539f95a1dc9df653531795daca8c4281/msgpack-1.2.2-cp311-cp311-manylinux2014_x86_64.manylinux_2_17_x86_64.manylinux_2_28_x86_64.whl", hash = "sha256:f11e09f10210a91c169e39c7a5a1f9090eaa73ad75555fafad5023c3053c47ba", size = 422907, upload-time = "2026-08-27T10:01:54.786Z" },
    { url = "https://files.pythonhosted.org/packages/d3/af/2b567d684f912fedcefe3f7c37de604716ffa99336bd432688f9f040df92/msgpack-1.2.2-cp311-cp311-manylinux_2_31_riscv64.manylinux_2_39_riscv64.whl", hash = "sha256:8b1415d02e9bf722672af8a90f90813265a0cd0b14163187261e54a5592bc949", size = 389248, upload-time = "2026-08-27T10:01:56.55Z" },
    { url = "https://files.pythonhosted.org/packages/2a/fd/d8533fed473cc3e309a701e851d0e5fe36ada5552a3899025f5c69fbe877/msgpack-1.2.2-cp311-cp311-musllinux_1_2_aarch64.whl", hash = "sha256:42fd9260416885b4815caca5bdd14dfd5dda6cdade732d6c09104ef8f6228761", size = 407099, upload-time = "2026-08-27T10:01:58.357Z" },
    { url = "https://files.pythonhosted.org/packages/d6/1b/57906337bfee0ead554571dc203ea17c3fad26d51e5eca6271ecd983f73b/msgpack-1.2.2-cp311-cp311-musllinux_1_2_riscv64.whl", hash = "sha256:336525cc2688e43ea77dfb1a4ce012c8cde561835913801dbfcfdcf4111d8abb", size = 387201, upload-time = "2026-08-27T10:02:00.109Z" },
    { url = "https://files.pythonhosted.org/packages/de/0f/5d1e6d68e516621697a9262b24917d678793e838cf3f331ed4656b3e959d/msgpack-1.2.2-cp311-cp311-musllinux_1_2_x86_64.whl", hash = "sha256:cdb6cc6e1127d15879c47a8b3270716243da82d3e7feab1f5946872c75b3d60f", size = 420765, upload-time = "2026-08-27T10:02:01.573Z" },
    { url = "https://files.pythonhosted.org/packages/6f/a6/07f9a4f3324d55c3567ab2a7e8d5325291bc95a31a374bb390a21b7c4e24/msgpack-1.2.2-cp311-cp311-win32.whl", hash = "sha256:cf66fb38703e61a486b01b56d43bb1f50698fbe99b6bd90feba10f24fab60b3b", size = 64785, upload-time = "2026-08-27T10:02:03.01Z" },
    { url = "https://files.pythonhosted.org/packages/84/13/f748f0d59f355d196e71a0b32d48d386a9bd311f94d954e666cf7e5b2572/msgpack-1.2.2-cp311-cp311-win_amd64.whl", hash = "sha256:0883a1578168929fd1640fbbc4614773f1a130e419a8a817dc2918d9af1b651c", size = 71258, upload-time = "2026-08-27T10:02:04.375Z" },
    { url = "https://files.pythonhosted.org/packages/46/a6/10d979c4e76b18a9b9ebbd6499ff863474ffe5955028ea27e09b66f6833c/msgpack-1.2.2-cp311-cp311-win_arm64.whl", hash = "sha256:4955accbd87f27beebef5f3ecc27503aa74cb016fb4f640868e749fd93194a35", size = 65860, upload-time = "2026-08-27T10:02:05.735Z" },
    { url = "https://files.pythonhosted.org/packages/31/78/90c15bebb1a72667349ca62d4507e9d9369e7f8f76b95f490b823d3622e5/msgpack-1.2.2-cp312-cp312-macosx_10_13_x86_64.whl", hash = "sha256:4a4348705be86e029d04e741cf9ed0dfe03e942d7d3b92e838fa80d3aa2c3ebc", size = 84275, upload-time = "2026-08-27T10:02:07.106Z" },
    { url = "https://files.pythonhosted.org/packages/88/88/c2b6d8e81571da87aa232c0e34a3f3a0e618e6235892065ec82d1d81fc7a/msgpack-1.2.2-cp312-cp312-macosx_11_0_arm64.whl", hash = "sha256:0a652ceeededf71d3fa40c303a02a149d42338d310162367b91c539d4bd6e0a3", size = 83970, upload-time = "2026-08-27T10:02:08.488Z" },
    { url = "https://files.pythonhosted.org/packages/da/c0/d3ede9f5d16acb4c05a9281859f1e99ef9f877a928eb78454c37f70db001/msgpack-1.2.2-cp312-cp312-manylinux2014_aarch64.manylinux_2_17_aarch64.manylinux_2_28_aarch64.whl", hash = "sha256:90986cc9aab9d7d1d8f38bcbf65d3f7ac83bdd90c35765db7d691b4829698cba", size = 409401, upload-time = "2026-08-27T10:02:09.877Z" },
    { url = "https://files.pythonhosted.org/packages/41/f0/29f591bea185616cf417645ac03bd3ad9b317483ad8572160e325f7fe777/msgpack-1.2.2-cp312-cp312-manylinux2014_x86_64.manylinux_2_17_x86_64.manylinux_2_28_x86_64.whl", hash = "sha256:77c2e018417dc1d66f235e383877ee885b60ade9d29e494dd581e08af2cb1923", size = 420619, upload-time = "2026-08-27T10:02:11.526Z" },
    { url = "https://files.pythonhosted.org/packages/4e/8e/c70c8c9180c5ddf4440eb8658ebead98e22e7686fbf84f6b165031430750/msgpack-1.2.2-cp312-cp312-manylinux_2_31_riscv64.manylinux_2_39_riscv64.whl", hash = "sha256:0e91332144f69bc3018c91232fac26da580ef748fb8eaddd7914d4458001cc4f", size = 379747, upload-time = "2026-08-27T10:02:13.345Z" },
    { url = "https://files.pythonhosted.org/packages/50/9a/f10ce11fa62700c9ab87a22e65b9ca272f7f673ddd31aeb2de6ae272ad35/msgpack-1.2.2-cp312-cp312-musllinux_1_2_aarch64.whl", hash = "sha256:3e915d390d7068b257ca8b62f3fc59fad135c8631d1017ab03b0b924b07c5367", size = 398944, upload-time = "2026-08-27T10:02:15.006Z" },
    { url = "https://files.pythonhosted.org/packages/82/fe/d7be978456ff8552e69a8e270d882e7530e01513c096b293d83df03753ea/msgpack-1.2.2-cp312-cp312-musllinux_1_2_riscv64.whl", hash = "sha256:c522420d78db2431887d45b518e304d86e27b9ad0b30f24e3806a6ad5d8bdbfc", size = 373979, upload-time = "2026-08-27T10:02:16.618Z" },
    { url = "https://files.pythonhosted.org/packages/be/af/91b0d8d3fb3063e259daee3ea8515cea6282f68f4b0e5f0b6fea25762c6e/msgpack-1.2.2-cp312-cp312-musllinux_1_2_x86_64.whl", hash = "sha256:4b554d8164ebb526892194f71dcd96ef1fefe0c250087498785d3ffc04a80be3", size = 417781, upload-time = "2026-08-27T10:02:18.293Z" },
    { url = "https://files.pythonhosted.org/packages/8e/3c/ce8e9efe1fd9e95c78b3705e4300ba7feba3dc6c00fb76259895db155518/msgpack-1.2.2-cp312-cp312-win32.whl", hash = "sha256:0e3315de5a4b2920ccef48d96b4448025e064a10d0f5a250f6584477d839c8d4", size = 65267, upload-time = "2026-08-27T10:02:19.869Z" },
    { url = "https://files.pythonhosted.org/packages/85/98/a33b8b4af14e3476bb0da1b8c36ef7a0f28dcf95db1c5e68ff88cb89d591/msgpack-1.2.2-cp312-cp312-win_amd64.whl", hash = "sha256:b68614fba0570349833b7dd999ff0aed4e5cc8d9eb6e3a7d4527be33c65e33d3", size = 72275, upload-time = "2026-08-27T10:02:21.141Z" },
    { url = "https://files.pythonhosted.org/packages/df/5e/2f323a33a6aba5bd4b2d8b430e4fab21d92cd91c093b49ee287bc166ee54/msgpack-1.2.2-cp312-cp312-win_arm64.whl", hash = "sha256:59d5b93efa45fd09f620d0c9ba81cde339a2c9937af3eea42ee9653094ce6640", size = 65488, upload-time = "2026-08-27T10:02:22.575Z" },
]

[[package]]
name = "typing-extensions"
version = "4.16.0"
source = { registry = "https://pypi.org/simple" }
sdist = { url = "https://files.pythonhosted.org/packages/f6/cc/6253133b5bb138fc3306cebfbda2c520f545d36b5be2c7255cc528bb45d6/typing_extensions-4.16.0.tar.gz", hash = "sha256:dc983d19a509c94dba722ee6abd33940f7c05a89e243c47e907eb4db6f1a43e5", size = 113555, upload-time = "2026-07-02T08:40:05.92Z" }
wheels = [
    { url = "https://files.pythonhosted.org/packages/49/d3/b8441a820a491ddfc024b0b0cf0393375b75ea13866d9c66727e54c2fc80/typing_extensions-4.16.0-py3-none-any.whl", hash = "sha256:481caa481374e813c1b176ada14e97f1f67a4539ce9cfeb3f350d78d6370c2e8", size = 45571, upload-time = "2026-07-02T08:40:04.659Z" },
]
